
Microsoft Visual Studio Solution File, Format Version 12.00
# Visual Studio Version 17
VisualStudioVersion = 17.10.35122.118
MinimumVisualStudioVersion = 10.0.40219.1
Project("{8BC9CEB8-8B4A-11D0-8D11-00A0C91BC942}") = "audioPlayer", "audioPlayer\audioPlayer.vcxproj", "{D23708DA-6877-4091-9DF1-7F7F03CE6836}"
EndProject
Global
	GlobalSection(SolutionConfigurationPlatforms) = preSolution
		Debug|x64 = Debug|x64
		Debug|x86 = Debug|x86
		Release|x64 = Release|x64
		Release|x86 = Release|x86
	EndGlobalSection
	GlobalSection(ProjectConfigurationPlatforms) = postSolution
		{D23708DA-6877-4091-9DF1-7F7F03CE6836}.Debug|x64.ActiveCfg = Debug|x64
		{D23708DA-6877-4091-9DF1-7F7F03CE6836}.Debug|x64.Build.0 = Debug|x64
		{D23708DA-6877-4091-9DF1-7F7F03CE6836}.Debug|x86.ActiveCfg = Debug|Win32
		{D23708DA-6877-4091-9DF1-7F7F03CE6836}.Debug|x86.Build.0 = Debug|Win32
		{D23708DA-6877-4091-9DF1-7F7F03CE6836}.Release|x64.ActiveCfg = Release|x64
		{D23708DA-6877-4091-9DF1-7F7F03CE6836}.Release|x64.Build.0 = Release|x64
		{D23708DA-6877-4091-9DF1-7F7F03CE6836}.Release|x86.ActiveCfg = Release|Win32
		{D23708DA-6877-4091-9DF1-7F7F03CE6836}.Release|x86.Build.0 = Release|Win32
	EndGlobalSection
	GlobalSection(SolutionProperties) = preSolution
		HideSolutionNode = FALSE
	EndGlobalSection
	GlobalSection(ExtensibilityGlobals) = postSolution
		SolutionGuid = {8DEF6948-6F30-407A-BB5E-B52F1AC6939D}
	EndGlobalSection
EndGlobal
